// !$*UTF8*$!
{
	archiveVersion = 1;
	classes = {
	};
	objectVersion = 46;
	objects = {

/* Begin PBXBuildFile section */
		8167BFF71FCDE462003F1736 /* AppDelegate.swift in Sources */ = {isa = PBXBuildFile; fileRef = 8167BFF61FCDE462003F1736 /* AppDelegate.swift */; };
		8167BFF91FCDE462003F1736 /* MainViewController.swift in Sources */ = {isa = PBXBuildFile; fileRef = 8167BFF81FCDE462003F1736 /* MainViewController.swift */; };
		8167BFFC1FCDE462003F1736 /* Main.storyboard in Resources */ = {isa = PBXBuildFile; fileRef = 8167BFFA1FCDE462003F1736 /* Main.storyboard */; };
		8167BFFE1FCDE462003F1736 /* Assets.xcassets in Resources */ = {isa = PBXBuildFile; fileRef = 8167BFFD1FCDE462003F1736 /* Assets.xcassets */; };
		8167C0011FCDE462003F1736 /* LaunchScreen.storyboard in Resources */ = {isa = PBXBuildFile; fileRef = 8167BFFF1FCDE462003F1736 /* LaunchScreen.storyboard */; };
		8167C00A1FCDE739003F1736 /* DesignableImageView.swift in Sources */ = {isa = PBXBuildFile; fileRef = 8167C0091FCDE739003F1736 /* DesignableImageView.swift */; };
		8167C00C1FCDE78B003F1736 /* DesignableLabel.swift in Sources */ = {isa = PBXBuildFile; fileRef = 8167C00B1FCDE78B003F1736 /* DesignableLabel.swift */; };
		8167C0121FCDEAE4003F1736 /* RestaurantCell.swift in Sources */ = {isa = PBXBuildFile; fileRef = 8167C0111FCDEAE4003F1736 /* RestaurantCell.swift */; };
		8167C0151FCDEF57003F1736 /* BadgeCell.swift in Sources */ = {isa = PBXBuildFile; fileRef = 8167C0141FCDEF57003F1736 /* BadgeCell.swift */; };
		8167C0171FCE1F24003F1736 /* ProductDetailViewController.swift in Sources */ = {isa = PBXBuildFile; fileRef = 8167C0161FCE1F24003F1736 /* ProductDetailViewController.swift */; };
		8167C0191FCE206C003F1736 /* SectionHeaderCell.swift in Sources */ = {isa = PBXBuildFile; fileRef = 8167C0181FCE206C003F1736 /* SectionHeaderCell.swift */; };
		819D03231FCE6AA6007ECA96 /* Restaurant.swift in Sources */ = {isa = PBXBuildFile; fileRef = 819D03221FCE6AA6007ECA96 /* Restaurant.swift */; };
		819D03261FCE7D4F007ECA96 /* NetworkManager.swift in Sources */ = {isa = PBXBuildFile; fileRef = 819D03251FCE7D4F007ECA96 /* NetworkManager.swift */; };
		819D03281FCE9A30007ECA96 /* RestaurantDetail.swift in Sources */ = {isa = PBXBuildFile; fileRef = 819D03271FCE9A30007ECA96 /* RestaurantDetail.swift */; };
/* End PBXBuildFile section */

/* Begin PBXFileReference section */
		8167BFF31FCDE461003F1736 /* FoodList.app */ = {isa = PBXFileReference; explicitFileType = wrapper.application; includeInIndex = 0; path = FoodList.app; sourceTree = BUILT_PRODUCTS_DIR; };
		8167BFF61FCDE462003F1736 /* AppDelegate.swift */ = {isa = PBXFileReference; lastKnownFileType = sourcecode.swift; path = AppDelegate.swift; sourceTree = "<group>"; };
		8167BFF81FCDE462003F1736 /* MainViewController.swift */ = {isa = PBXFileReference; lastKnownFileType = sourcecode.swift; path = MainViewController.swift; sourceTree = "<group>"; };
		8167BFFB1FCDE462003F1736 /* Base */ = {isa = PBXFileReference; lastKnownFileType = file.storyboard; name = Base; path = Base.lproj/Main.storyboard; sourceTree = "<group>"; };
		8167BFFD1FCDE462003F1736 /* Assets.xcassets */ = {isa = PBXFileReference; lastKnownFileType = folder.assetcatalog; path = Assets.xcassets; sourceTree = "<group>"; };
		8167C0001FCDE462003F1736 /* Base */ = {isa = PBXFileReference; lastKnownFileType = file.storyboard; name = Base; path = Base.lproj/LaunchScreen.storyboard; sourceTree = "<group>"; };
		8167C0021FCDE462003F1736 /* Info.plist */ = {isa = PBXFileReference; lastKnownFileType = text.plist.xml; path = Info.plist; sourceTree = "<group>"; };
		8167C0091FCDE739003F1736 /* DesignableImageView.swift */ = {isa = PBXFileReference; fileEncoding = 4; lastKnownFileType = sourcecode.swift; path = DesignableImageView.swift; sourceTree = "<group>"; };
		8167C00B1FCDE78B003F1736 /* DesignableLabel.swift */ = {isa = PBXFileReference; fileEncoding = 4; lastKnownFileType = sourcecode.swift; path = DesignableLabel.swift; sourceTree = "<group>"; };
		8167C0111FCDEAE4003F1736 /* RestaurantCell.swift */ = {isa = PBXFileReference; fileEncoding = 4; lastKnownFileType = sourcecode.swift; path = RestaurantCell.swift; sourceTree = "<group>"; };
		8167C0141FCDEF57003F1736 /* BadgeCell.swift */ = {isa = PBXFileReference; fileEncoding = 4; lastKnownFileType = sourcecode.swift; path = BadgeCell.swift; sourceTree = "<group>"; };
		8167C0161FCE1F24003F1736 /* ProductDetailViewController.swift */ = {isa = PBXFileReference; fileEncoding = 4; lastKnownFileType = sourcecode.swift; path = ProductDetailViewController.swift; sourceTree = "<group>"; };
		8167C0181FCE206C003F1736 /* SectionHeaderCell.swift */ = {isa = PBXFileReference; fileEncoding = 4; lastKnownFileType = sourcecode.swift; path = SectionHeaderCell.swift; sourceTree = "<group>"; };
		819D03221FCE6AA6007ECA96 /* Restaurant.swift */ = {isa = PBXFileReference; fileEncoding = 4; lastKnownFileType = sourcecode.swift; path = Restaurant.swift; sourceTree = "<group>"; };
		819D03251FCE7D4F007ECA96 /* NetworkManager.swift */ = {isa = PBXFileReference; fileEncoding = 4; lastKnownFileType = sourcecode.swift; path = NetworkManager.swift; sourceTree = "<group>"; };
		819D03271FCE9A30007ECA96 /* RestaurantDetail.swift */ = {isa = PBXFileReference; fileEncoding = 4; lastKnownFileType = sourcecode.swift; path = RestaurantDetail.swift; sourceTree = "<group>"; };
/* End PBXFileReference section */

/* Begin PBXFrameworksBuildPhase section */
		8167BFF01FCDE461003F1736 /* Frameworks */ = {
			isa = PBXFrameworksBuildPhase;
			buildActionMask = 2147483647;
			files = (
			);
			runOnlyForDeploymentPostprocessing = 0;
		};
/* End PBXFrameworksBuildPhase section */

/* Begin PBXGroup section */
		8167BFEA1FCDE461003F1736 = {
			isa = PBXGroup;
			children = (
				8167BFF51FCDE461003F1736 /* FoodList */,
				8167BFF41FCDE461003F1736 /* Products */,
			);
			sourceTree = "<group>";
		};
		8167BFF41FCDE461003F1736 /* Products */ = {
			isa = PBXGroup;
			children = (
				8167BFF31FCDE461003F1736 /* FoodList.app */,
			);
			name = Products;
			sourceTree = "<group>";
		};
		8167BFF51FCDE461003F1736 /* FoodList */ = {
			isa = PBXGroup;
			children = (
				8167BFF61FCDE462003F1736 /* AppDelegate.swift */,
				819D03241FCE7D46007ECA96 /* Manager */,
				8167C00F1FCDEA43003F1736 /* Views */,
				8167C00E1FCDEA21003F1736 /* Models */,
				8167C00D1FCDE9C9003F1736 /* Controllers */,
				8167BFFA1FCDE462003F1736 /* Main.storyboard */,
				8167BFFD1FCDE462003F1736 /* Assets.xcassets */,
				8167BFFF1FCDE462003F1736 /* LaunchScreen.storyboard */,
				8167C0021FCDE462003F1736 /* Info.plist */,
			);
			path = FoodList;
			sourceTree = "<group>";
		};
		8167C0081FCDE721003F1736 /* Designable */ = {
			isa = PBXGroup;
			children = (
				8167C0091FCDE739003F1736 /* DesignableImageView.swift */,
				8167C00B1FCDE78B003F1736 /* DesignableLabel.swift */,
			);
			name = Designable;
			sourceTree = "<group>";
		};
		8167C00D1FCDE9C9003F1736 /* Controllers */ = {
			isa = PBXGroup;
			children = (
				8167BFF81FCDE462003F1736 /* MainViewController.swift */,
				8167C0161FCE1F24003F1736 /* ProductDetailViewController.swift */,
			);
			name = Controllers;
			sourceTree = "<group>";
		};
		8167C00E1FCDEA21003F1736 /* Models */ = {
			isa = PBXGroup;
			children = (
				819D03221FCE6AA6007ECA96 /* Restaurant.swift */,
				819D03271FCE9A30007ECA96 /* RestaurantDetail.swift */,
			);
			name = Models;
			sourceTree = "<group>";
		};
		8167C00F1FCDEA43003F1736 /* Views */ = {
			isa = PBXGroup;
			children = (
				8167C0081FCDE721003F1736 /* Designable */,
				8167C0131FCDEF3A003F1736 /* CollectionViewCell */,
				8167C0101FCDEAB0003F1736 /* TableViewCell */,
			);
			name = Views;
			sourceTree = "<group>";
		};
		8167C0101FCDEAB0003F1736 /* TableViewCell */ = {
			isa = PBXGroup;
			children = (
				8167C0111FCDEAE4003F1736 /* RestaurantCell.swift */,
				8167C0181FCE206C003F1736 /* SectionHeaderCell.swift */,
			);
			name = TableViewCell;
			sourceTree = "<group>";
		};
		8167C0131FCDEF3A003F1736 /* CollectionViewCell */ = {
			isa = PBXGroup;
			children = (
				8167C0141FCDEF57003F1736 /* BadgeCell.swift */,
			);
			name = CollectionViewCell;
			sourceTree = "<group>";
		};
		819D03241FCE7D46007ECA96 /* Manager */ = {
			isa = PBXGroup;
			children = (
				819D03251FCE7D4F007ECA96 /* NetworkManager.swift */,
			);
			name = Manager;
			sourceTree = "<group>";
		};
/* End PBXGroup section */

/* Begin PBXNativeTarget section */
		8167BFF21FCDE461003F1736 /* FoodList */ = {
			isa = PBXNativeTarget;
			buildConfigurationList = 8167C0051FCDE462003F1736 /* Build configuration list for PBXNativeTarget "FoodList" */;
			buildPhases = (
				8167BFEF1FCDE461003F1736 /* Sources */,
				8167BFF01FCDE461003F1736 /* Frameworks */,
				8167BFF11FCDE461003F1736 /* Resources */,
			);
			buildRules = (
			);
			dependencies = (
			);
			name = FoodList;
			productName = FoodList;
			productReference = 8167BFF31FCDE461003F1736 /* FoodList.app */;
			productType = "com.apple.product-type.application";
		};
/* End PBXNativeTarget section */

/* Begin PBXProject section */
		8167BFEB1FCDE461003F1736 /* Project object */ = {
			isa = PBXProject;
			attributes = {
				LastSwiftUpdateCheck = 0830;
				LastUpgradeCheck = 0830;
				ORGANIZATIONNAME = "이선협";
				TargetAttributes = {
					8167BFF21FCDE461003F1736 = {
						CreatedOnToolsVersion = 8.3.3;
						ProvisioningStyle = Automatic;
					};
				};
			};
			buildConfigurationList = 8167BFEE1FCDE461003F1736 /* Build configuration list for PBXProject "FoodList" */;
			compatibilityVersion = "Xcode 3.2";
			developmentRegion = English;
			hasScannedForEncodings = 0;
			knownRegions = (
				en,
				Base,
			);
			mainGroup = 8167BFEA1FCDE461003F1736;
			productRefGroup = 8167BFF41FCDE461003F1736 /* Products */;
			projectDirPath = "";
			projectRoot = "";
			targets = (
				8167BFF21FCDE461003F1736 /* FoodList */,
			);
		};
/* End PBXProject section */

/* Begin PBXResourcesBuildPhase section */
		8167BFF11FCDE461003F1736 /* Resources */ = {
			isa = PBXResourcesBuildPhase;
			buildActionMask = 2147483647;
			files = (
				8167C0011FCDE462003F1736 /* LaunchScreen.storyboard in Resources */,
				8167BFFE1FCDE462003F1736 /* Assets.xcassets in Resources */,
				8167BFFC1FCDE462003F1736 /* Main.storyboard in Resources */,
			);
			runOnlyForDeploymentPostprocessing = 0;
		};
/* End PBXResourcesBuildPhase section */

/* Begin PBXSourcesBuildPhase section */
		8167BFEF1FCDE461003F1736 /* Sources */ = {
			isa = PBXSourcesBuildPhase;
			buildActionMask = 2147483647;
			files = (
				8167C0191FCE206C003F1736 /* SectionHeaderCell.swift in Sources */,
				819D03281FCE9A30007ECA96 /* RestaurantDetail.swift in Sources */,
				8167C0121FCDEAE4003F1736 /* RestaurantCell.swift in Sources */,
				819D03261FCE7D4F007ECA96 /* NetworkManager.swift in Sources */,
				8167BFF91FCDE462003F1736 /* MainViewController.swift in Sources */,
				8167C0171FCE1F24003F1736 /* ProductDetailViewController.swift in Sources */,
				8167C0151FCDEF57003F1736 /* BadgeCell.swift in Sources */,
				8167BFF71FCDE462003F1736 /* AppDelegate.swift in Sources */,
				819D03231FCE6AA6007ECA96 /* Restaurant.swift in Sources */,
				8167C00C1FCDE78B003F1736 /* DesignableLabel.swift in Sources */,
				8167C00A1FCDE739003F1736 /* DesignableImageView.swift in Sources */,
			);
			runOnlyForDeploymentPostprocessing = 0;
		};
/* End PBXSourcesBuildPhase section */

/* Begin PBXVariantGroup section */
		8167BFFA1FCDE462003F1736 /* Main.storyboard */ = {
			isa = PBXVariantGroup;
			children = (
				8167BFFB1FCDE462003F1736 /* Base */,
			);
			name = Main.storyboard;
			sourceTree = "<group>";
		};
		8167BFFF1FCDE462003F1736 /* LaunchScreen.storyboard */ = {
			isa = PBXVariantGroup;
			children = (
				8167C0001FCDE462003F1736 /* Base */,
			);
			name = LaunchScreen.storyboard;
			sourceTree = "<group>";
		};
/* End PBXVariantGroup section */

/* Begin XCBuildConfiguration section */
		8167C0031FCDE462003F1736 /* Debug */ = {
			isa = XCBuildConfiguration;
			buildSettings = {
				ALWAYS_SEARCH_USER_PATHS = NO;
				CLANG_ANALYZER_NONNULL = YES;
				CLANG_ANALYZER_NUMBER_OBJECT_CONVERSION = YES_AGGRESSIVE;
				CLANG_CXX_LANGUAGE_STANDARD = "gnu++0x";
				CLANG_CXX_LIBRARY = "libc++";
				CLANG_ENABLE_MODULES = YES;
				CLANG_ENABLE_OBJC_ARC = YES;
				CLANG_WARN_BOOL_CONVERSION = YES;
				CLANG_WARN_CONSTANT_CONVERSION = YES;
				CLANG_WARN_DIRECT_OBJC_ISA_USAGE = YES_ERROR;
				CLANG_WARN_DOCUMENTATION_COMMENTS = YES;
				CLANG_WARN_EMPTY_BODY = YES;
				CLANG_WARN_ENUM_CONVERSION = YES;
				CLANG_WARN_INFINITE_RECURSION = YES;
				CLANG_WARN_INT_CONVERSION = YES;
				CLANG_WARN_OBJC_ROOT_CLASS = YES_ERROR;
				CLANG_WARN_SUSPICIOUS_MOVE = YES;
				CLANG_WARN_UNREACHABLE_CODE = YES;
				CLANG_WARN__DUPLICATE_METHOD_MATCH = YES;
				"CODE_SIGN_IDENTITY[sdk=iphoneos*]" = "iPhone Developer";
				COPY_PHASE_STRIP = NO;
				DEBUG_INFORMATION_FORMAT = dwarf;
				ENABLE_STRICT_OBJC_MSGSEND = YES;
				ENABLE_TESTABILITY = YES;
				GCC_C_LANGUAGE_STANDARD = gnu99;
				GCC_DYNAMIC_NO_PIC = NO;
				GCC_NO_COMMON_BLOCKS = YES;
				GCC_OPTIMIZATION_LEVEL = 0;
				GCC_PREPROCESSOR_DEFINITIONS = (
					"DEBUG=1",
					"$(inherited)",
				);
				GCC_WARN_64_TO_32_BIT_CONVERSION = YES;
				GCC_WARN_ABOUT_RETURN_TYPE = YES_ERROR;
				GCC_WARN_UNDECLARED_SELECTOR = YES;
				GCC_WARN_UNINITIALIZED_AUTOS = YES_AGGRESSIVE;
				GCC_WARN_UNUSED_FUNCTION = YES;
				GCC_WARN_UNUSED_VARIABLE = YES;
				IPHONEOS_DEPLOYMENT_TARGET = 10.3;
				MTL_ENABLE_DEBUG_INFO = YES;
				ONLY_ACTIVE_ARCH = YES;
				SDKROOT = iphoneos;
				SWIFT_ACTIVE_COMPILATION_CONDITIONS = DEBUG;
				SWIFT_OPTIMIZATION_LEVEL = "-Onone";
			};
			name = Debug;
		};
		8167C0041FCDE462003F1736 /* Release */ = {
			isa = XCBuildConfiguration;
			buildSettings = {
				ALWAYS_SEARCH_USER_PATHS = NO;
				CLANG_ANALYZER_NONNULL = YES;
				CLANG_ANALYZER_NUMBER_OBJECT_CONVERSION = YES_AGGRESSIVE;
				CLANG_CXX_LANGUAGE_STANDARD = "gnu++0x";
				CLANG_CXX_LIBRARY = "libc++";
				CLANG_ENABLE_MODULES = YES;
				CLANG_ENABLE_OBJC_ARC = YES;
				CLANG_WARN_BOOL_CONVERSION = YES;
				CLANG_WARN_CONSTANT_CONVERSION = YES;
				CLANG_WARN_DIRECT_OBJC_ISA_USAGE = YES_ERROR;
				CLANG_WARN_DOCUMENTATION_COMMENTS = YES;
				CLANG_WARN_EMPTY_BODY = YES;
				CLANG_WARN_ENUM_CONVERSION = YES;
				CLANG_WARN_INFINITE_RECURSION = YES;
				CLANG_WARN_INT_CONVERSION = YES;
				CLANG_WARN_OBJC_ROOT_CLASS = YES_ERROR;
				CLANG_WARN_SUSPICIOUS_MOVE = YES;
				CLANG_WARN_UNREACHABLE_CODE = YES;
				CLANG_WARN__DUPLICATE_METHOD_MATCH = YES;
				"CODE_SIGN_IDENTITY[sdk=iphoneos*]" = "iPhone Developer";
				COPY_PHASE_STRIP = NO;
				DEBUG_INFORMATION_FORMAT = "dwarf-with-dsym";
				ENABLE_NS_ASSERTIONS = NO;
				ENABLE_STRICT_OBJC_MSGSEND = YES;
				GCC_C_LANGUAGE_STANDARD = gnu99;
				GCC_NO_COMMON_BLOCKS = YES;
				GCC_WARN_64_TO_32_BIT_CONVERSION = YES;
				GCC_WARN_ABOUT_RETURN_TYPE = YES_ERROR;
				GCC_WARN_UNDECLARED_SELECTOR = YES;
				GCC_WARN_UNINITIALIZED_AUTOS = YES_AGGRESSIVE;
				GCC_WARN_UNUSED_FUNCTION = YES;
				GCC_WARN_UNUSED_VARIABLE = YES;
				IPHONEOS_DEPLOYMENT_TARGET = 10.3;
				MTL_ENABLE_DEBUG_INFO = NO;
				SDKROOT = iphoneos;
				SWIFT_OPTIMIZATION_LEVEL = "-Owholemodule";
				VALIDATE_PRODUCT = YES;
			};
			name = Release;
		};
		8167C0061FCDE462003F1736 /* Debug */ = {
			isa = XCBuildConfiguration;
			buildSettings = {
				ASSETCATALOG_COMPILER_APPICON_NAME = AppIcon;
				INFOPLIST_FILE = FoodList/Info.plist;
				LD_RUNPATH_SEARCH_PATHS = "$(inherited) @executable_path/Frameworks";
				PRODUCT_BUNDLE_IDENTIFIER = kciter.FoodList;
				PRODUCT_NAME = "$(TARGET_NAME)";
				SWIFT_VERSION = 3.0;
			};
			name = Debug;
		};
		8167C0071FCDE462003F1736 /* Release */ = {
			isa = XCBuildConfiguration;
			buildSettings = {
				ASSETCATALOG_COMPILER_APPICON_NAME = AppIcon;
				INFOPLIST_FILE = FoodList/Info.plist;
				LD_RUNPATH_SEARCH_PATHS = "$(inherited) @executable_path/Frameworks";
				PRODUCT_BUNDLE_IDENTIFIER = kciter.FoodList;
				PRODUCT_NAME = "$(TARGET_NAME)";
				SWIFT_VERSION = 3.0;
			};
			name = Release;
		};
/* End XCBuildConfiguration section */

/* Begin XCConfigurationList section */
		8167BFEE1FCDE461003F1736 /* Build configuration list for PBXProject "FoodList" */ = {
			isa = XCConfigurationList;
			buildConfigurations = (
				8167C0031FCDE462003F1736 /* Debug */,
				8167C0041FCDE462003F1736 /* Release */,
			);
			defaultConfigurationIsVisible = 0;
			defaultConfigurationName = Release;
		};
		8167C0051FCDE462003F1736 /* Build configuration list for PBXNativeTarget "FoodList" */ = {
			isa = XCConfigurationList;
			buildConfigurations = (
				8167C0061FCDE462003F1736 /* Debug */,
				8167C0071FCDE462003F1736 /* Release */,
			);
			defaultConfigurationIsVisible = 0;
			defaultConfigurationName = Release;
		};
/* End XCConfigurationList section */
	};
	rootObject = 8167BFEB1FCDE461003F1736 /* Project object */;
}
